schema: '2.0'
stages:
  train:
    cmd: python src/pipeline/training_pipeline.py
    deps:
    - path: artifacts/data.csv
      hash: md5
      md5: 14ddfc56c931255ee10d3859d0ac4fc0
      size: 10462804
    - path: src/components/data_ingestion.py
      hash: md5
      md5: 223fbc631a9ccd88804e7bd98c771e20
      size: 692
    - path: src/components/data_transformation.py
      hash: md5
      md5: 153fcd5dae6b52712275790179dbd166
      size: 2532
    - path: src/components/model_trainer.py
      hash: md5
      md5: 0f299b43f581dfda1e2198c70083249c
      size: 2350
    - path: src/pipeline/training_pipeline.py
      hash: md5
      md5: 19fe74e8200155feeba5339301432727
      size: 1212
    params:
      params.yaml:
        model.learning_rate: 0.05
        model.max_depth: 4
        model.n_estimators: 300
    outs:
    - path: artifacts/metrics.json
      hash: md5
      md5: d8ec16f49bd2b9d2a9c424b0cd525385
      size: 72
    - path: artifacts/model.pkl
      hash: md5
      md5: 4e219d4ac06ba250bb42e8e81be6872d
      size: 511644
    - path: artifacts/preprocessor.pkl
      hash: md5
      md5: 5fe02dd53e29b4bc61d007f6f4654504
      size: 3205
